PODS:
  - Flutter (1.0.0)
  - geetest_plugin (0.1.7):
    - Flutter
    - GT3Captcha (~> 0.1.5)
  - GT3Captcha (0.1.5)

DEPENDENCIES:
  - Flutter (from `.symlinks/flutter/ios`)
  - geetest_plugin (from `.symlinks/plugins/geetest_plugin/ios`)
  - GT3Captcha (~> 0.1.5)

SPEC REPOS:
  https://github.com/cocoapods/specs.git:
    - GT3Captcha

EXTERNAL SOURCES:
  Flutter:
    :path: ".symlinks/flutter/ios"
  geetest_plugin:
    :path: ".symlinks/plugins/geetest_plugin/ios"

SPEC CHECKSUMS:
  Flutter: 58dd7d1b27887414a370fcccb9e645c08ffd7a6a
  geetest_plugin: 56355c0ec963174fbce4260a68021aac7298fce9
  GT3Captcha: f22fc7c7ec9749799f8f0d41d9ee7e8ef761e225

PODFILE CHECKSUM: e02a5476010e0a9c0fc16c3d61debdf54940bacc

COCOAPODS: 1.7.0
